
Microsoft Visual Studio Solution File, Format Version 12.00
# Visual Studio Version 17
VisualStudioVersion = 17.13.35913.81 d17.13
MinimumVisualStudioVersion = 10.0.40219.1
Project("{FAE04EC0-301F-11D3-BF4B-00C04F79EFBC}") = "TheMarketplace", "TheMarketplace.csproj", "{7A6D7A97-481E-46EA-BE3D-62E4A9D28E59}"
EndProject
Project("{FAE04EC0-301F-11D3-BF4B-00C04F79EFBC}") = "API", "..\API\API.csproj", "{BBC79870-EE59-45DE-BA44-FC18E8D944B9}"
EndProject
Project("{FAE04EC0-301F-11D3-BF4B-00C04F79EFBC}") = "Shared", "..\Shared\Shared.csproj", "{463CA76E-B0BF-4DE4-B105-7793687369D2}"
EndProject
Global
	GlobalSection(SolutionConfigurationPlatforms) = preSolution
		Debug|Any CPU = Debug|Any CPU
		Release|Any CPU = Release|Any CPU
	EndGlobalSection
	GlobalSection(ProjectConfigurationPlatforms) = postSolution
		{7A6D7A97-481E-46EA-BE3D-62E4A9D28E59}.Debug|Any CPU.ActiveCfg = Debug|Any CPU
		{7A6D7A97-481E-46EA-BE3D-62E4A9D28E59}.Debug|Any CPU.Build.0 = Debug|Any CPU
		{7A6D7A97-481E-46EA-BE3D-62E4A9D28E59}.Release|Any CPU.ActiveCfg = Release|Any CPU
		{7A6D7A97-481E-46EA-BE3D-62E4A9D28E59}.Release|Any CPU.Build.0 = Release|Any CPU
		{BBC79870-EE59-45DE-BA44-FC18E8D944B9}.Debug|Any CPU.ActiveCfg = Debug|Any CPU
		{BBC79870-EE59-45DE-BA44-FC18E8D944B9}.Debug|Any CPU.Build.0 = Debug|Any CPU
		{BBC79870-EE59-45DE-BA44-FC18E8D944B9}.Release|Any CPU.ActiveCfg = Release|Any CPU
		{BBC79870-EE59-45DE-BA44-FC18E8D944B9}.Release|Any CPU.Build.0 = Release|Any CPU
		{463CA76E-B0BF-4DE4-B105-7793687369D2}.Debug|Any CPU.ActiveCfg = Debug|Any CPU
		{463CA76E-B0BF-4DE4-B105-7793687369D2}.Debug|Any CPU.Build.0 = Debug|Any CPU
		{463CA76E-B0BF-4DE4-B105-7793687369D2}.Release|Any CPU.ActiveCfg = Release|Any CPU
		{463CA76E-B0BF-4DE4-B105-7793687369D2}.Release|Any CPU.Build.0 = Release|Any CPU
	EndGlobalSection
	GlobalSection(SolutionProperties) = preSolution
		HideSolutionNode = FALSE
	EndGlobalSection
	GlobalSection(ExtensibilityGlobals) = postSolution
		SolutionGuid = {84643124-5C19-4238-8DEB-054CD20B7C2B}
	EndGlobalSection
EndGlobal
